
Microsoft Visual Studio Solution File, Format Version 12.00
# Visual Studio Version 17
VisualStudioVersion = 17.8.34330.188
MinimumVisualStudioVersion = 10.0.40219.1
Project("{FAE04EC0-301F-11D3-BF4B-00C04F79EFBC}") = "code verifier and code challenge generator", "code verifier and code challenge generator\code verifier and code challenge generator.csproj", "{4B28ACE6-23C6-496A-9D6E-27428702DE82}"
EndProject
Global
	GlobalSection(SolutionConfigurationPlatforms) = preSolution
		Debug|Any CPU = Debug|Any CPU
		Release|Any CPU = Release|Any CPU
	EndGlobalSection
	GlobalSection(ProjectConfigurationPlatforms) = postSolution
		{4B28ACE6-23C6-496A-9D6E-27428702DE82}.Debug|Any CPU.ActiveCfg = Debug|Any CPU
		{4B28ACE6-23C6-496A-9D6E-27428702DE82}.Debug|Any CPU.Build.0 = Debug|Any CPU
		{4B28ACE6-23C6-496A-9D6E-27428702DE82}.Release|Any CPU.ActiveCfg = Release|Any CPU
		{4B28ACE6-23C6-496A-9D6E-27428702DE82}.Release|Any CPU.Build.0 = Release|Any CPU
	EndGlobalSection
	GlobalSection(SolutionProperties) = preSolution
		HideSolutionNode = FALSE
	EndGlobalSection
	GlobalSection(ExtensibilityGlobals) = postSolution
		SolutionGuid = {A69C1EDB-CD8E-4EAB-A5A8-213047233EBA}
	EndGlobalSection
EndGlobal
